
Microsoft Visual Studio Solution File, Format Version 12.00
# Visual Studio Version 17
VisualStudioVersion = 17.1.32319.34
MinimumVisualStudioVersion = 10.0.40219.1
Project("{FAE04EC0-301F-11D3-BF4B-00C04F79EFBC}") = "Assignment_ThangNVPH25980", "Assignment_ThangNVPH25980\Assignment_ThangNVPH25980.csproj", "{F476386E-B77D-47E3-8381-68C443B76B79}"
EndProject
Global
	GlobalSection(SolutionConfigurationPlatforms) = preSolution
		Debug|Any CPU = Debug|Any CPU
		Release|Any CPU = Release|Any CPU
	EndGlobalSection
	GlobalSection(ProjectConfigurationPlatforms) = postSolution
		{F476386E-B77D-47E3-8381-68C443B76B79}.Debug|Any CPU.ActiveCfg = Debug|Any CPU
		{F476386E-B77D-47E3-8381-68C443B76B79}.Debug|Any CPU.Build.0 = Debug|Any CPU
		{F476386E-B77D-47E3-8381-68C443B76B79}.Release|Any CPU.ActiveCfg = Release|Any CPU
		{F476386E-B77D-47E3-8381-68C443B76B79}.Release|Any CPU.Build.0 = Release|Any CPU
	EndGlobalSection
	GlobalSection(SolutionProperties) = preSolution
		HideSolutionNode = FALSE
	EndGlobalSection
	GlobalSection(ExtensibilityGlobals) = postSolution
		SolutionGuid = {8DDCEE0B-1D0D-498F-9936-ABFD3952794A}
	EndGlobalSection
EndGlobal
